
Microsoft Visual Studio Solution File, Format Version 12.00
# Visual Studio Version 17
VisualStudioVersion = 17.14.36511.14 d17.14
MinimumVisualStudioVersion = 10.0.40219.1
Project("{FAE04EC0-301F-11D3-BF4B-00C04F79EFBC}") = "GraveyardGFSI", "GraveyardGFSI\GraveyardGFSI.csproj", "{71821848-4CC6-44B5-8992-E89BDF8397CB}"
EndProject
Global
	GlobalSection(SolutionConfigurationPlatforms) = preSolution
		Debug|Any CPU = Debug|Any CPU
		Release|Any CPU = Release|Any CPU
	EndGlobalSection
	GlobalSection(ProjectConfigurationPlatforms) = postSolution
		{71821848-4CC6-44B5-8992-E89BDF8397CB}.Debug|Any CPU.ActiveCfg = Debug|Any CPU
		{71821848-4CC6-44B5-8992-E89BDF8397CB}.Debug|Any CPU.Build.0 = Debug|Any CPU
		{71821848-4CC6-44B5-8992-E89BDF8397CB}.Release|Any CPU.ActiveCfg = Release|Any CPU
		{71821848-4CC6-44B5-8992-E89BDF8397CB}.Release|Any CPU.Build.0 = Release|Any CPU
	EndGlobalSection
	GlobalSection(SolutionProperties) = preSolution
		HideSolutionNode = FALSE
	EndGlobalSection
	GlobalSection(ExtensibilityGlobals) = postSolution
		SolutionGuid = {95C9EEA1-A6E5-4CF5-AC7A-B82CBE1DD29B}
	EndGlobalSection
EndGlobal
